
Microsoft Visual Studio Solution File, Format Version 12.00
# Visual Studio Version 17
VisualStudioVersion = 17.7.34221.43
MinimumVisualStudioVersion = 10.0.40219.1
Project("{FAE04EC0-301F-11D3-BF4B-00C04F79EFBC}") = "AdventOfCode2023", "AdventOfCode2023.csproj", "{168C8D3B-CFD9-4A1E-AF73-E2ED42B9072B}"
EndProject
Global
	GlobalSection(SolutionConfigurationPlatforms) = preSolution
		Debug|Any CPU = Debug|Any CPU
		Release|Any CPU = Release|Any CPU
	EndGlobalSection
	GlobalSection(ProjectConfigurationPlatforms) = postSolution
		{168C8D3B-CFD9-4A1E-AF73-E2ED42B9072B}.Debug|Any CPU.ActiveCfg = Debug|Any CPU
		{168C8D3B-CFD9-4A1E-AF73-E2ED42B9072B}.Debug|Any CPU.Build.0 = Debug|Any CPU
		{168C8D3B-CFD9-4A1E-AF73-E2ED42B9072B}.Release|Any CPU.ActiveCfg = Release|Any CPU
		{168C8D3B-CFD9-4A1E-AF73-E2ED42B9072B}.Release|Any CPU.Build.0 = Release|Any CPU
	EndGlobalSection
	GlobalSection(SolutionProperties) = preSolution
		HideSolutionNode = FALSE
	EndGlobalSection
	GlobalSection(ExtensibilityGlobals) = postSolution
		SolutionGuid = {FD68D1E4-37D1-4DDA-8A6F-0206E538A6F4}
	EndGlobalSection
EndGlobal
